
Microsoft Visual Studio Solution File, Format Version 12.00
# Visual Studio Version 17
VisualStudioVersion = 17.2.32602.215
MinimumVisualStudioVersion = 10.0.40219.1
Project("{FAE04EC0-301F-11D3-BF4B-00C04F79EFBC}") = "Jobpedia", "Jobpedia\Jobpedia.csproj", "{87E230F8-51D7-4F40-8D95-019888D32568}"
EndProject
Global
	GlobalSection(SolutionConfigurationPlatforms) = preSolution
		Debug|Any CPU = Debug|Any CPU
		Release|Any CPU = Release|Any CPU
	EndGlobalSection
	GlobalSection(ProjectConfigurationPlatforms) = postSolution
		{87E230F8-51D7-4F40-8D95-019888D32568}.Debug|Any CPU.ActiveCfg = Debug|Any CPU
		{87E230F8-51D7-4F40-8D95-019888D32568}.Debug|Any CPU.Build.0 = Debug|Any CPU
		{87E230F8-51D7-4F40-8D95-019888D32568}.Release|Any CPU.ActiveCfg = Release|Any CPU
		{87E230F8-51D7-4F40-8D95-019888D32568}.Release|Any CPU.Build.0 = Release|Any CPU
	EndGlobalSection
	GlobalSection(SolutionProperties) = preSolution
		HideSolutionNode = FALSE
	EndGlobalSection
	GlobalSection(ExtensibilityGlobals) = postSolution
		SolutionGuid = {247A45E5-ACE1-4BF2-877E-49C837F526B9}
	EndGlobalSection
EndGlobal
